// !$*UTF8*$!
{
	archiveVersion = 1;
	classes = {
	};
	objectVersion = 50;
	objects = {

/* Begin PBXBuildFile section */
		74216687260DA16D00977B25 /* ListView.swift in Sources */ = {isa = PBXBuildFile; fileRef = 74216686260DA16D00977B25 /* ListView.swift */; };
		74C7FA24260B1854004D2F63 /* FB_Parsed_SequenceApp.swift in Sources */ = {isa = PBXBuildFile; fileRef = 74C7FA23260B1854004D2F63 /* FB_Parsed_SequenceApp.swift */; };
		74C7FA26260B1854004D2F63 /* ContentView.swift in Sources */ = {isa = PBXBuildFile; fileRef = 74C7FA25260B1854004D2F63 /* ContentView.swift */; };
		74C7FA28260B1855004D2F63 /* Assets.xcassets in Resources */ = {isa = PBXBuildFile; fileRef = 74C7FA27260B1855004D2F63 /* Assets.xcassets */; };
		74C7FA2B260B1855004D2F63 /* Preview Assets.xcassets in Resources */ = {isa = PBXBuildFile; fileRef = 74C7FA2A260B1855004D2F63 /* Preview Assets.xcassets */; };
		74C7FA3A260B18C9004D2F63 /* Constant.swift in Sources */ = {isa = PBXBuildFile; fileRef = 74C7FA39260B18C9004D2F63 /* Constant.swift */; };
		74C7FA3E260B195A004D2F63 /* Element.swift in Sources */ = {isa = PBXBuildFile; fileRef = 74C7FA3D260B195A004D2F63 /* Element.swift */; };
		74C7FA41260B1A0A004D2F63 /* Elements+Extension.swift in Sources */ = {isa = PBXBuildFile; fileRef = 74C7FA40260B1A0A004D2F63 /* Elements+Extension.swift */; };
		74C7FA44260B1BA3004D2F63 /* ViewModel.swift in Sources */ = {isa = PBXBuildFile; fileRef = 74C7FA43260B1BA3004D2F63 /* ViewModel.swift */; };
		74C7FA47260B20D4004D2F63 /* PointsView.swift in Sources */ = {isa = PBXBuildFile; fileRef = 74C7FA46260B20D4004D2F63 /* PointsView.swift */; };
		74C7FA4A260B21F1004D2F63 /* RepeatsView.swift in Sources */ = {isa = PBXBuildFile; fileRef = 74C7FA49260B21F1004D2F63 /* RepeatsView.swift */; };
		74C7FA4D260B232A004D2F63 /* SequenceView.swift in Sources */ = {isa = PBXBuildFile; fileRef = 74C7FA4C260B232A004D2F63 /* SequenceView.swift */; };
/* End PBXBuildFile section */

/* Begin PBXFileReference section */
		74216686260DA16D00977B25 /* ListView.swift */ = {isa = PBXFileReference; lastKnownFileType = sourcecode.swift; path = ListView.swift; sourceTree = "<group>"; };
		74C7FA20260B1854004D2F63 /* FB Parsed Sequence.app */ = {isa = PBXFileReference; explicitFileType = wrapper.application; includeInIndex = 0; path = "FB Parsed Sequence.app"; sourceTree = BUILT_PRODUCTS_DIR; };
		74C7FA23260B1854004D2F63 /* FB_Parsed_SequenceApp.swift */ = {isa = PBXFileReference; lastKnownFileType = sourcecode.swift; path = FB_Parsed_SequenceApp.swift; sourceTree = "<group>"; };
		74C7FA25260B1854004D2F63 /* ContentView.swift */ = {isa = PBXFileReference; lastKnownFileType = sourcecode.swift; path = ContentView.swift; sourceTree = "<group>"; };
		74C7FA27260B1855004D2F63 /* Assets.xcassets */ = {isa = PBXFileReference; lastKnownFileType = folder.assetcatalog; path = Assets.xcassets; sourceTree = "<group>"; };
		74C7FA2A260B1855004D2F63 /* Preview Assets.xcassets */ = {isa = PBXFileReference; lastKnownFileType = folder.assetcatalog; path = "Preview Assets.xcassets"; sourceTree = "<group>"; };
		74C7FA2C260B1855004D2F63 /* Info.plist */ = {isa = PBXFileReference; lastKnownFileType = text.plist.xml; path = Info.plist; sourceTree = "<group>"; };
		74C7FA39260B18C9004D2F63 /* Constant.swift */ = {isa = PBXFileReference; lastKnownFileType = sourcecode.swift; path = Constant.swift; sourceTree = "<group>"; };
		74C7FA3D260B195A004D2F63 /* Element.swift */ = {isa = PBXFileReference; lastKnownFileType = sourcecode.swift; path = Element.swift; sourceTree = "<group>"; };
		74C7FA40260B1A0A004D2F63 /* Elements+Extension.swift */ = {isa = PBXFileReference; lastKnownFileType = sourcecode.swift; path = "Elements+Extension.swift"; sourceTree = "<group>"; };
		74C7FA43260B1BA3004D2F63 /* ViewModel.swift */ = {isa = PBXFileReference; lastKnownFileType = sourcecode.swift; path = ViewModel.swift; sourceTree = "<group>"; };
		74C7FA46260B20D4004D2F63 /* PointsView.swift */ = {isa = PBXFileReference; lastKnownFileType = sourcecode.swift; path = PointsView.swift; sourceTree = "<group>"; };
		74C7FA49260B21F1004D2F63 /* RepeatsView.swift */ = {isa = PBXFileReference; lastKnownFileType = sourcecode.swift; path = RepeatsView.swift; sourceTree = "<group>"; };
		74C7FA4C260B232A004D2F63 /* SequenceView.swift */ = {isa = PBXFileReference; lastKnownFileType = sourcecode.swift; path = SequenceView.swift; sourceTree = "<group>"; };
/* End PBXFileReference section */

/* Begin PBXFrameworksBuildPhase section */
		74C7FA1D260B1854004D2F63 /* Frameworks */ = {
			isa = PBXFrameworksBuildPhase;
			buildActionMask = 2147483647;
			files = (
			);
			runOnlyForDeploymentPostprocessing = 0;
		};
/* End PBXFrameworksBuildPhase section */

/* Begin PBXGroup section */
		74C7FA17260B1854004D2F63 = {
			isa = PBXGroup;
			children = (
				74C7FA22260B1854004D2F63 /* FB Parsed Sequence */,
				74C7FA21260B1854004D2F63 /* Products */,
			);
			sourceTree = "<group>";
		};
		74C7FA21260B1854004D2F63 /* Products */ = {
			isa = PBXGroup;
			children = (
				74C7FA20260B1854004D2F63 /* FB Parsed Sequence.app */,
			);
			name = Products;
			sourceTree = "<group>";
		};
		74C7FA22260B1854004D2F63 /* FB Parsed Sequence */ = {
			isa = PBXGroup;
			children = (
				74C7FA23260B1854004D2F63 /* FB_Parsed_SequenceApp.swift */,
				74C7FA36260B1899004D2F63 /* Constant */,
				74C7FA35260B188E004D2F63 /* Extension */,
				74C7FA37260B18A3004D2F63 /* Model */,
				74C7FA33260B1886004D2F63 /* View */,
				74C7FA38260B18AD004D2F63 /* ViewModel */,
				74C7FA27260B1855004D2F63 /* Assets.xcassets */,
				74C7FA2C260B1855004D2F63 /* Info.plist */,
				74C7FA29260B1855004D2F63 /* Preview Content */,
			);
			path = "FB Parsed Sequence";
			sourceTree = "<group>";
		};
		74C7FA29260B1855004D2F63 /* Preview Content */ = {
			isa = PBXGroup;
			children = (
				74C7FA2A260B1855004D2F63 /* Preview Assets.xcassets */,
			);
			path = "Preview Content";
			sourceTree = "<group>";
		};
		74C7FA33260B1886004D2F63 /* View */ = {
			isa = PBXGroup;
			children = (
				74C7FA25260B1854004D2F63 /* ContentView.swift */,
				74216686260DA16D00977B25 /* ListView.swift */,
				74C7FA46260B20D4004D2F63 /* PointsView.swift */,
				74C7FA49260B21F1004D2F63 /* RepeatsView.swift */,
				74C7FA4C260B232A004D2F63 /* SequenceView.swift */,
			);
			path = View;
			sourceTree = "<group>";
		};
		74C7FA35260B188E004D2F63 /* Extension */ = {
			isa = PBXGroup;
			children = (
				74C7FA40260B1A0A004D2F63 /* Elements+Extension.swift */,
			);
			path = Extension;
			sourceTree = "<group>";
		};
		74C7FA36260B1899004D2F63 /* Constant */ = {
			isa = PBXGroup;
			children = (
				74C7FA39260B18C9004D2F63 /* Constant.swift */,
			);
			path = Constant;
			sourceTree = "<group>";
		};
		74C7FA37260B18A3004D2F63 /* Model */ = {
			isa = PBXGroup;
			children = (
				74C7FA3D260B195A004D2F63 /* Element.swift */,
			);
			path = Model;
			sourceTree = "<group>";
		};
		74C7FA38260B18AD004D2F63 /* ViewModel */ = {
			isa = PBXGroup;
			children = (
				74C7FA43260B1BA3004D2F63 /* ViewModel.swift */,
			);
			path = ViewModel;
			sourceTree = "<group>";
		};
/* End PBXGroup section */

/* Begin PBXNativeTarget section */
		74C7FA1F260B1854004D2F63 /* FB Parsed Sequence */ = {
			isa = PBXNativeTarget;
			buildConfigurationList = 74C7FA2F260B1855004D2F63 /* Build configuration list for PBXNativeTarget "FB Parsed Sequence" */;
			buildPhases = (
				74C7FA1C260B1854004D2F63 /* Sources */,
				74C7FA1D260B1854004D2F63 /* Frameworks */,
				74C7FA1E260B1854004D2F63 /* Resources */,
			);
			buildRules = (
			);
			dependencies = (
			);
			name = "FB Parsed Sequence";
			productName = "FB Parsed Sequence";
			productReference = 74C7FA20260B1854004D2F63 /* FB Parsed Sequence.app */;
			productType = "com.apple.product-type.application";
		};
/* End PBXNativeTarget section */

/* Begin PBXProject section */
		74C7FA18260B1854004D2F63 /* Project object */ = {
			isa = PBXProject;
			attributes = {
				LastSwiftUpdateCheck = 1240;
				LastUpgradeCheck = 1240;
				TargetAttributes = {
					74C7FA1F260B1854004D2F63 = {
						CreatedOnToolsVersion = 12.4;
					};
				};
			};
			buildConfigurationList = 74C7FA1B260B1854004D2F63 /* Build configuration list for PBXProject "FB Parsed Sequence" */;
			compatibilityVersion = "Xcode 9.3";
			developmentRegion = en;
			hasScannedForEncodings = 0;
			knownRegions = (
				en,
				Base,
			);
			mainGroup = 74C7FA17260B1854004D2F63;
			productRefGroup = 74C7FA21260B1854004D2F63 /* Products */;
			projectDirPath = "";
			projectRoot = "";
			targets = (
				74C7FA1F260B1854004D2F63 /* FB Parsed Sequence */,
			);
		};
/* End PBXProject section */

/* Begin PBXResourcesBuildPhase section */
		74C7FA1E260B1854004D2F63 /* Resources */ = {
			isa = PBXResourcesBuildPhase;
			buildActionMask = 2147483647;
			files = (
				74C7FA2B260B1855004D2F63 /* Preview Assets.xcassets in Resources */,
				74C7FA28260B1855004D2F63 /* Assets.xcassets in Resources */,
			);
			runOnlyForDeploymentPostprocessing = 0;
		};
/* End PBXResourcesBuildPhase section */

/* Begin PBXSourcesBuildPhase section */
		74C7FA1C260B1854004D2F63 /* Sources */ = {
			isa = PBXSourcesBuildPhase;
			buildActionMask = 2147483647;
			files = (
				74C7FA26260B1854004D2F63 /* ContentView.swift in Sources */,
				74C7FA41260B1A0A004D2F63 /* Elements+Extension.swift in Sources */,
				74216687260DA16D00977B25 /* ListView.swift in Sources */,
				74C7FA4D260B232A004D2F63 /* SequenceView.swift in Sources */,
				74C7FA24260B1854004D2F63 /* FB_Parsed_SequenceApp.swift in Sources */,
				74C7FA4A260B21F1004D2F63 /* RepeatsView.swift in Sources */,
				74C7FA3E260B195A004D2F63 /* Element.swift in Sources */,
				74C7FA47260B20D4004D2F63 /* PointsView.swift in Sources */,
				74C7FA44260B1BA3004D2F63 /* ViewModel.swift in Sources */,
				74C7FA3A260B18C9004D2F63 /* Constant.swift in Sources */,
			);
			runOnlyForDeploymentPostprocessing = 0;
		};
/* End PBXSourcesBuildPhase section */

/* Begin XCBuildConfiguration section */
		74C7FA2D260B1855004D2F63 /* Debug */ = {
			isa = XCBuildConfiguration;
			buildSettings = {
				ALWAYS_SEARCH_USER_PATHS = NO;
				CLANG_ANALYZER_NONNULL = YES;
				CLANG_ANALYZER_NUMBER_OBJECT_CONVERSION = YES_AGGRESSIVE;
				CLANG_CXX_LANGUAGE_STANDARD = "gnu++14";
				CLANG_CXX_LIBRARY = "libc++";
				CLANG_ENABLE_MODULES = YES;
				CLANG_ENABLE_OBJC_ARC = YES;
				CLANG_ENABLE_OBJC_WEAK = YES;
				CLANG_WARN_BLOCK_CAPTURE_AUTORELEASING = YES;
				CLANG_WARN_BOOL_CONVERSION = YES;
				CLANG_WARN_COMMA = YES;
				CLANG_WARN_CONSTANT_CONVERSION = YES;
				CLANG_WARN_DEPRECATED_OBJC_IMPLEMENTATIONS = YES;
				CLANG_WARN_DIRECT_OBJC_ISA_USAGE = YES_ERROR;
				CLANG_WARN_DOCUMENTATION_COMMENTS = YES;
				CLANG_WARN_EMPTY_BODY = YES;
				CLANG_WARN_ENUM_CONVERSION = YES;
				CLANG_WARN_INFINITE_RECURSION = YES;
				CLANG_WARN_INT_CONVERSION = YES;
				CLANG_WARN_NON_LITERAL_NULL_CONVERSION = YES;
				CLANG_WARN_OBJC_IMPLICIT_RETAIN_SELF = YES;
				CLANG_WARN_OBJC_LITERAL_CONVERSION = YES;
				CLANG_WARN_OBJC_ROOT_CLASS = YES_ERROR;
				CLANG_WARN_QUOTED_INCLUDE_IN_FRAMEWORK_HEADER = YES;
				CLANG_WARN_RANGE_LOOP_ANALYSIS = YES;
				CLANG_WARN_STRICT_PROTOTYPES = YES;
				CLANG_WARN_SUSPICIOUS_MOVE = YES;
				CLANG_WARN_UNGUARDED_AVAILABILITY = YES_AGGRESSIVE;
				CLANG_WARN_UNREACHABLE_CODE = YES;
				CLANG_WARN__DUPLICATE_METHOD_MATCH = YES;
				COPY_PHASE_STRIP = NO;
				DEBUG_INFORMATION_FORMAT = dwarf;
				ENABLE_STRICT_OBJC_MSGSEND = YES;
				ENABLE_TESTABILITY = YES;
				GCC_C_LANGUAGE_STANDARD = gnu11;
				GCC_DYNAMIC_NO_PIC = NO;
				GCC_NO_COMMON_BLOCKS = YES;
				GCC_OPTIMIZATION_LEVEL = 0;
				GCC_PREPROCESSOR_DEFINITIONS = (
					"DEBUG=1",
					"$(inherited)",
				);
				GCC_WARN_64_TO_32_BIT_CONVERSION = YES;
				GCC_WARN_ABOUT_RETURN_TYPE = YES_ERROR;
				GCC_WARN_UNDECLARED_SELECTOR = YES;
				GCC_WARN_UNINITIALIZED_AUTOS = YES_AGGRESSIVE;
				GCC_WARN_UNUSED_FUNCTION = YES;
				GCC_WARN_UNUSED_VARIABLE = YES;
				IPHONEOS_DEPLOYMENT_TARGET = 14.4;
				MTL_ENABLE_DEBUG_INFO = INCLUDE_SOURCE;
				MTL_FAST_MATH = YES;
				ONLY_ACTIVE_ARCH = YES;
				SDKROOT = iphoneos;
				SWIFT_ACTIVE_COMPILATION_CONDITIONS = DEBUG;
				SWIFT_OPTIMIZATION_LEVEL = "-Onone";
			};
			name = Debug;
		};
		74C7FA2E260B1855004D2F63 /* Release */ = {
			isa = XCBuildConfiguration;
			buildSettings = {
				ALWAYS_SEARCH_USER_PATHS = NO;
				CLANG_ANALYZER_NONNULL = YES;
				CLANG_ANALYZER_NUMBER_OBJECT_CONVERSION = YES_AGGRESSIVE;
				CLANG_CXX_LANGUAGE_STANDARD = "gnu++14";
				CLANG_CXX_LIBRARY = "libc++";
				CLANG_ENABLE_MODULES = YES;
				CLANG_ENABLE_OBJC_ARC = YES;
				CLANG_ENABLE_OBJC_WEAK = YES;
				CLANG_WARN_BLOCK_CAPTURE_AUTORELEASING = YES;
				CLANG_WARN_BOOL_CONVERSION = YES;
				CLANG_WARN_COMMA = YES;
				CLANG_WARN_CONSTANT_CONVERSION = YES;
				CLANG_WARN_DEPRECATED_OBJC_IMPLEMENTATIONS = YES;
				CLANG_WARN_DIRECT_OBJC_ISA_USAGE = YES_ERROR;
				CLANG_WARN_DOCUMENTATION_COMMENTS = YES;
				CLANG_WARN_EMPTY_BODY = YES;
				CLANG_WARN_ENUM_CONVERSION = YES;
				CLANG_WARN_INFINITE_RECURSION = YES;
				CLANG_WARN_INT_CONVERSION = YES;
				CLANG_WARN_NON_LITERAL_NULL_CONVERSION = YES;
				CLANG_WARN_OBJC_IMPLICIT_RETAIN_SELF = YES;
				CLANG_WARN_OBJC_LITERAL_CONVERSION = YES;
				CLANG_WARN_OBJC_ROOT_CLASS = YES_ERROR;
				CLANG_WARN_QUOTED_INCLUDE_IN_FRAMEWORK_HEADER = YES;
				CLANG_WARN_RANGE_LOOP_ANALYSIS = YES;
				CLANG_WARN_STRICT_PROTOTYPES = YES;
				CLANG_WARN_SUSPICIOUS_MOVE = YES;
				CLANG_WARN_UNGUARDED_AVAILABILITY = YES_AGGRESSIVE;
				CLANG_WARN_UNREACHABLE_CODE = YES;
				CLANG_WARN__DUPLICATE_METHOD_MATCH = YES;
				COPY_PHASE_STRIP = NO;
				DEBUG_INFORMATION_FORMAT = "dwarf-with-dsym";
				ENABLE_NS_ASSERTIONS = NO;
				ENABLE_STRICT_OBJC_MSGSEND = YES;
				GCC_C_LANGUAGE_STANDARD = gnu11;
				GCC_NO_COMMON_BLOCKS = YES;
				GCC_WARN_64_TO_32_BIT_CONVERSION = YES;
				GCC_WARN_ABOUT_RETURN_TYPE = YES_ERROR;
				GCC_WARN_UNDECLARED_SELECTOR = YES;
				GCC_WARN_UNINITIALIZED_AUTOS = YES_AGGRESSIVE;
				GCC_WARN_UNUSED_FUNCTION = YES;
				GCC_WARN_UNUSED_VARIABLE = YES;
				IPHONEOS_DEPLOYMENT_TARGET = 14.4;
				MTL_ENABLE_DEBUG_INFO = NO;
				MTL_FAST_MATH = YES;
				SDKROOT = iphoneos;
				SWIFT_COMPILATION_MODE = wholemodule;
				SWIFT_OPTIMIZATION_LEVEL = "-O";
				VALIDATE_PRODUCT = YES;
			};
			name = Release;
		};
		74C7FA30260B1855004D2F63 /* Debug */ = {
			isa = XCBuildConfiguration;
			buildSettings = {
				ASSETCATALOG_COMPILER_APPICON_NAME = AppIcon;
				ASSETCATALOG_COMPILER_GLOBAL_ACCENT_COLOR_NAME = AccentColor;
				CODE_SIGN_STYLE = Automatic;
				DEVELOPMENT_ASSET_PATHS = "\"FB Parsed Sequence/Preview Content\"";
				DEVELOPMENT_TEAM = 3LF677RTA3;
				ENABLE_PREVIEWS = YES;
				INFOPLIST_FILE = "FB Parsed Sequence/Info.plist";
				IPHONEOS_DEPLOYMENT_TARGET = 14.0;
				LD_RUNPATH_SEARCH_PATHS = (
					"$(inherited)",
					"@executable_path/Frameworks",
				);
				PRODUCT_BUNDLE_IDENTIFIER = "DmitryNovosyolov.FB-Parsed-Sequence";
				PRODUCT_NAME = "$(TARGET_NAME)";
				SWIFT_VERSION = 5.0;
				TARGETED_DEVICE_FAMILY = "1,2";
			};
			name = Debug;
		};
		74C7FA31260B1855004D2F63 /* Release */ = {
			isa = XCBuildConfiguration;
			buildSettings = {
				ASSETCATALOG_COMPILER_APPICON_NAME = AppIcon;
				ASSETCATALOG_COMPILER_GLOBAL_ACCENT_COLOR_NAME = AccentColor;
				CODE_SIGN_STYLE = Automatic;
				DEVELOPMENT_ASSET_PATHS = "\"FB Parsed Sequence/Preview Content\"";
				DEVELOPMENT_TEAM = 3LF677RTA3;
				ENABLE_PREVIEWS = YES;
				INFOPLIST_FILE = "FB Parsed Sequence/Info.plist";
				IPHONEOS_DEPLOYMENT_TARGET = 14.0;
				LD_RUNPATH_SEARCH_PATHS = (
					"$(inherited)",
					"@executable_path/Frameworks",
				);
				PRODUCT_BUNDLE_IDENTIFIER = "DmitryNovosyolov.FB-Parsed-Sequence";
				PRODUCT_NAME = "$(TARGET_NAME)";
				SWIFT_VERSION = 5.0;
				TARGETED_DEVICE_FAMILY = "1,2";
			};
			name = Release;
		};
/* End XCBuildConfiguration section */

/* Begin XCConfigurationList section */
		74C7FA1B260B1854004D2F63 /* Build configuration list for PBXProject "FB Parsed Sequence" */ = {
			isa = XCConfigurationList;
			buildConfigurations = (
				74C7FA2D260B1855004D2F63 /* Debug */,
				74C7FA2E260B1855004D2F63 /* Release */,
			);
			defaultConfigurationIsVisible = 0;
			defaultConfigurationName = Release;
		};
		74C7FA2F260B1855004D2F63 /* Build configuration list for PBXNativeTarget "FB Parsed Sequence" */ = {
			isa = XCConfigurationList;
			buildConfigurations = (
				74C7FA30260B1855004D2F63 /* Debug */,
				74C7FA31260B1855004D2F63 /* Release */,
			);
			defaultConfigurationIsVisible = 0;
			defaultConfigurationName = Release;
		};
/* End XCConfigurationList section */
	};
	rootObject = 74C7FA18260B1854004D2F63 /* Project object */;
}
